
Microsoft Visual Studio Solution File, Format Version 12.00
# Visual Studio Version 17
VisualStudioVersion = 17.0.31903.59
MinimumVisualStudioVersion = 10.0.40219.1
Project("{FAE04EC0-301F-11D3-BF4B-00C04F79EFBC}") = "API", "API\API.csproj", "{546B77AB-0137-41B5-A033-95A6B55B5BA3}"
EndProject
Project("{FAE04EC0-301F-11D3-BF4B-00C04F79EFBC}") = "Application", "Application\Application.csproj", "{6DFEA442-7D31-48AB-8C5D-7020DD530DD5}"
EndProject
Project("{FAE04EC0-301F-11D3-BF4B-00C04F79EFBC}") = "Persistence", "Persistence\Persistence.csproj", "{F0A54F74-3E51-4073-8DAF-4B3C1DB4C24C}"
EndProject
Project("{FAE04EC0-301F-11D3-BF4B-00C04F79EFBC}") = "Domain", "Domain\Domain.csproj", "{6A215211-5223-471D-A36D-6D15CE89EE6C}"
EndProject
Global
	GlobalSection(SolutionConfigurationPlatforms) = preSolution
		Debug|Any CPU = Debug|Any CPU
		Release|Any CPU = Release|Any CPU
	EndGlobalSection
	GlobalSection(SolutionProperties) = preSolution
		HideSolutionNode = FALSE
	EndGlobalSection
	GlobalSection(ProjectConfigurationPlatforms) = postSolution
		{546B77AB-0137-41B5-A033-95A6B55B5BA3}.Debug|Any CPU.ActiveCfg = Debug|Any CPU
		{546B77AB-0137-41B5-A033-95A6B55B5BA3}.Debug|Any CPU.Build.0 = Debug|Any CPU
		{546B77AB-0137-41B5-A033-95A6B55B5BA3}.Release|Any CPU.ActiveCfg = Release|Any CPU
		{546B77AB-0137-41B5-A033-95A6B55B5BA3}.Release|Any CPU.Build.0 = Release|Any CPU
		{6DFEA442-7D31-48AB-8C5D-7020DD530DD5}.Debug|Any CPU.ActiveCfg = Debug|Any CPU
		{6DFEA442-7D31-48AB-8C5D-7020DD530DD5}.Debug|Any CPU.Build.0 = Debug|Any CPU
		{6DFEA442-7D31-48AB-8C5D-7020DD530DD5}.Release|Any CPU.ActiveCfg = Release|Any CPU
		{6DFEA442-7D31-48AB-8C5D-7020DD530DD5}.Release|Any CPU.Build.0 = Release|Any CPU
		{F0A54F74-3E51-4073-8DAF-4B3C1DB4C24C}.Debug|Any CPU.ActiveCfg = Debug|Any CPU
		{F0A54F74-3E51-4073-8DAF-4B3C1DB4C24C}.Debug|Any CPU.Build.0 = Debug|Any CPU
		{F0A54F74-3E51-4073-8DAF-4B3C1DB4C24C}.Release|Any CPU.ActiveCfg = Release|Any CPU
		{F0A54F74-3E51-4073-8DAF-4B3C1DB4C24C}.Release|Any CPU.Build.0 = Release|Any CPU
		{6A215211-5223-471D-A36D-6D15CE89EE6C}.Debug|Any CPU.ActiveCfg = Debug|Any CPU
		{6A215211-5223-471D-A36D-6D15CE89EE6C}.Debug|Any CPU.Build.0 = Debug|Any CPU
		{6A215211-5223-471D-A36D-6D15CE89EE6C}.Release|Any CPU.ActiveCfg = Release|Any CPU
		{6A215211-5223-471D-A36D-6D15CE89EE6C}.Release|Any CPU.Build.0 = Release|Any CPU
	EndGlobalSection
EndGlobal
